Microsoft Visual Studio Solution File, Format Version 12.00
# Visual Studio 2012
Project("{FAE04EC0-301F-11D3-BF4B-00C04F79EFBC}") = "waterHarvest", "waterHarvest.csproj", "{95EB6986-39FA-4811-8E94-53A219DFA644}"
EndProject
Global
	GlobalSection(SolutionConfigurationPlatforms) = preSolution
	Debug|Any CPU = Debug|Any CPU
	ExportDebug|Any CPU = ExportDebug|Any CPU
	ExportRelease|Any CPU = ExportRelease|Any CPU
	EndGlobalSection
	GlobalSection(ProjectConfigurationPlatforms) = postSolution
		{95EB6986-39FA-4811-8E94-53A219DFA644}.Debug|Any CPU.ActiveCfg = Debug|Any CPU
		{95EB6986-39FA-4811-8E94-53A219DFA644}.Debug|Any CPU.Build.0 = Debug|Any CPU
		{95EB6986-39FA-4811-8E94-53A219DFA644}.ExportDebug|Any CPU.ActiveCfg = ExportDebug|Any CPU
		{95EB6986-39FA-4811-8E94-53A219DFA644}.ExportDebug|Any CPU.Build.0 = ExportDebug|Any CPU
		{95EB6986-39FA-4811-8E94-53A219DFA644}.ExportRelease|Any CPU.ActiveCfg = ExportRelease|Any CPU
		{95EB6986-39FA-4811-8E94-53A219DFA644}.ExportRelease|Any CPU.Build.0 = ExportRelease|Any CPU
	EndGlobalSection
EndGlobal
